
Microsoft Visual Studio Solution File, Format Version 12.00
# Visual Studio 2012
Project("{FAE04EC0-301F-11D3-BF4B-00C04F79EFBC}") = "DungMap", "DungMap.csproj", "{8AD64C16-6795-4D5C-A332-CAA6BAE6912A}"
EndProject
Global
	GlobalSection(SolutionConfigurationPlatforms) = preSolution
		Debug|Any CPU = Debug|Any CPU
		Release|Any CPU = Release|Any CPU
	EndGlobalSection
	GlobalSection(ProjectConfigurationPlatforms) = postSolution
		{8AD64C16-6795-4D5C-A332-CAA6BAE6912A}.Debug|Any CPU.ActiveCfg = Debug|Any CPU
		{8AD64C16-6795-4D5C-A332-CAA6BAE6912A}.Debug|Any CPU.Build.0 = Debug|Any CPU
		{8AD64C16-6795-4D5C-A332-CAA6BAE6912A}.Release|Any CPU.ActiveCfg = Release|Any CPU
		{8AD64C16-6795-4D5C-A332-CAA6BAE6912A}.Release|Any CPU.Build.0 = Release|Any CPU
	EndGlobalSection
	GlobalSection(SolutionProperties) = preSolution
		HideSolutionNode = FALSE
	EndGlobalSection
EndGlobal
