
Microsoft Visual Studio Solution File, Format Version 12.00
# Visual Studio 2012
Project("{FAE04EC0-301F-11D3-BF4B-00C04F79EFBC}") = "PolygonCircles", "PolygonCircles.csproj", "{F469CA02-67F2-4A08-9116-DA07EA044B3E}"
EndProject
Global
	GlobalSection(SolutionConfigurationPlatforms) = preSolution
		Debug|Any CPU = Debug|Any CPU
		Release|Any CPU = Release|Any CPU
	EndGlobalSection
	GlobalSection(ProjectConfigurationPlatforms) = postSolution
		{F469CA02-67F2-4A08-9116-DA07EA044B3E}.Debug|Any CPU.ActiveCfg = Debug|Any CPU
		{F469CA02-67F2-4A08-9116-DA07EA044B3E}.Debug|Any CPU.Build.0 = Debug|Any CPU
		{F469CA02-67F2-4A08-9116-DA07EA044B3E}.Release|Any CPU.ActiveCfg = Release|Any CPU
		{F469CA02-67F2-4A08-9116-DA07EA044B3E}.Release|Any CPU.Build.0 = Release|Any CPU
	EndGlobalSection
	GlobalSection(SolutionProperties) = preSolution
		HideSolutionNode = FALSE
	EndGlobalSection
EndGlobal
